
Microsoft Visual Studio Solution File, Format Version 12.00
# Visual Studio 14
VisualStudioVersion = 14.0.24720.0
MinimumVisualStudioVersion = 10.0.40219.1
Project("{FAE04EC0-301F-11D3-BF4B-00C04F79EFBC}") = "Altima.Droid", "Altima\Altima.Droid\Altima.Droid.csproj", "{3735253F-C931-4075-897C-41C9E92ACE14}"
EndProject
Project("{FAE04EC0-301F-11D3-BF4B-00C04F79EFBC}") = "Altima.iOS", "Altima\Altima.iOS\Altima.iOS.csproj", "{F9EC38F9-F7E4-4993-9D93-8CAB29AD781A}"
EndProject
Project("{FAE04EC0-301F-11D3-BF4B-00C04F79EFBC}") = "Altima.WinPhone", "Altima\Altima.WinPhone\Altima.WinPhone.csproj", "{FB689F17-1030-457F-83CE-5AA59B25E2E5}"
EndProject
Project("{FAE04EC0-301F-11D3-BF4B-00C04F79EFBC}") = "Altima.UWP", "Altima\Altima.UWP\Altima.UWP.csproj", "{030BFDB1-65C9-45C9-AF73-683F3D76F12E}"
EndProject
Project("{FAE04EC0-301F-11D3-BF4B-00C04F79EFBC}") = "Altima.Windows", "Altima\Altima.Windows\Altima.Windows.csproj", "{46314DD4-AD37-45B7-9495-39007B5B1805}"
EndProject
Project("{D954291E-2A0B-460D-934E-DC6B0785DB48}") = "Altima.Portable", "Altima\Altima.Portable\Altima.Portable.shproj", "{B14C7CA5-C1BD-4F0F-BBED-3776A5FFF018}"
EndProject
Global
	GlobalSection(SharedMSBuildProjectFiles) = preSolution
		Altima\Altima\Altima.projitems*{f9ec38f9-f7e4-4993-9d93-8cab29ad781a}*SharedItemsImports = 4
		Altima\Altima\Altima.projitems*{fb689f17-1030-457f-83ce-5aa59b25e2e5}*SharedItemsImports = 4
		Altima\Altima\Altima.projitems*{3735253f-c931-4075-897c-41c9e92ace14}*SharedItemsImports = 4
		Altima\Altima\Altima.projitems*{46314dd4-ad37-45b7-9495-39007b5b1805}*SharedItemsImports = 4
		Altima\Altima\Altima.projitems*{030bfdb1-65c9-45c9-af73-683f3d76f12e}*SharedItemsImports = 4
		Altima\Altima\Altima.projitems*{b14c7ca5-c1bd-4f0f-bbed-3776a5fff018}*SharedItemsImports = 13
	EndGlobalSection
	GlobalSection(SolutionConfigurationPlatforms) = preSolution
		Ad-Hoc|Any CPU = Ad-Hoc|Any CPU
		Ad-Hoc|ARM = Ad-Hoc|ARM
		Ad-Hoc|iPhone = Ad-Hoc|iPhone
		Ad-Hoc|iPhoneSimulator = Ad-Hoc|iPhoneSimulator
		Ad-Hoc|x64 = Ad-Hoc|x64
		Ad-Hoc|x86 = Ad-Hoc|x86
		AppStore|Any CPU = AppStore|Any CPU
		AppStore|ARM = AppStore|ARM
		AppStore|iPhone = AppStore|iPhone
		AppStore|iPhoneSimulator = AppStore|iPhoneSimulator
		AppStore|x64 = AppStore|x64
		AppStore|x86 = AppStore|x86
		Debug|Any CPU = Debug|Any CPU
		Debug|ARM = Debug|ARM
		Debug|iPhone = Debug|iPhone
		Debug|iPhoneSimulator = Debug|iPhoneSimulator
		Debug|x64 = Debug|x64
		Debug|x86 = Debug|x86
		Release|Any CPU = Release|Any CPU
		Release|ARM = Release|ARM
		Release|iPhone = Release|iPhone
		Release|iPhoneSimulator = Release|iPhoneSimulator
		Release|x64 = Release|x64
		Release|x86 = Release|x86
	EndGlobalSection
	GlobalSection(ProjectConfigurationPlatforms) = postSolution
		{3735253F-C931-4075-897C-41C9E92ACE14}.Ad-Hoc|Any CPU.ActiveCfg = Release|Any CPU
		{3735253F-C931-4075-897C-41C9E92ACE14}.Ad-Hoc|Any CPU.Build.0 = Release|Any CPU
		{3735253F-C931-4075-897C-41C9E92ACE14}.Ad-Hoc|Any CPU.Deploy.0 = Release|Any CPU
		{3735253F-C931-4075-897C-41C9E92ACE14}.Ad-Hoc|ARM.ActiveCfg = Release|Any CPU
		{3735253F-C931-4075-897C-41C9E92ACE14}.Ad-Hoc|ARM.Build.0 = Release|Any CPU
		{3735253F-C931-4075-897C-41C9E92ACE14}.Ad-Hoc|ARM.Deploy.0 = Release|Any CPU
		{3735253F-C931-4075-897C-41C9E92ACE14}.Ad-Hoc|iPhone.ActiveCfg = Release|Any CPU
		{3735253F-C931-4075-897C-41C9E92ACE14}.Ad-Hoc|iPhone.Build.0 = Release|Any CPU
		{3735253F-C931-4075-897C-41C9E92ACE14}.Ad-Hoc|iPhone.Deploy.0 = Release|Any CPU
		{3735253F-C931-4075-897C-41C9E92ACE14}.Ad-Hoc|iPhoneSimulator.ActiveCfg = Release|Any CPU
		{3735253F-C931-4075-897C-41C9E92ACE14}.Ad-Hoc|iPhoneSimulator.Build.0 = Release|Any CPU
		{3735253F-C931-4075-897C-41C9E92ACE14}.Ad-Hoc|iPhoneSimulator.Deploy.0 = Release|Any CPU
		{3735253F-C931-4075-897C-41C9E92ACE14}.Ad-Hoc|x64.ActiveCfg = Release|Any CPU
		{3735253F-C931-4075-897C-41C9E92ACE14}.Ad-Hoc|x64.Build.0 = Release|Any CPU
		{3735253F-C931-4075-897C-41C9E92ACE14}.Ad-Hoc|x64.Deploy.0 = Release|Any CPU
		{3735253F-C931-4075-897C-41C9E92ACE14}.Ad-Hoc|x86.ActiveCfg = Release|Any CPU
		{3735253F-C931-4075-897C-41C9E92ACE14}.Ad-Hoc|x86.Build.0 = Release|Any CPU
		{3735253F-C931-4075-897C-41C9E92ACE14}.Ad-Hoc|x86.Deploy.0 = Release|Any CPU
		{3735253F-C931-4075-897C-41C9E92ACE14}.AppStore|Any CPU.ActiveCfg = Release|Any CPU
		{3735253F-C931-4075-897C-41C9E92ACE14}.AppStore|Any CPU.Build.0 = Release|Any CPU
		{3735253F-C931-4075-897C-41C9E92ACE14}.AppStore|Any CPU.Deploy.0 = Release|Any CPU
		{3735253F-C931-4075-897C-41C9E92ACE14}.AppStore|ARM.ActiveCfg = Release|Any CPU
		{3735253F-C931-4075-897C-41C9E92ACE14}.AppStore|ARM.Build.0 = Release|Any CPU
		{3735253F-C931-4075-897C-41C9E92ACE14}.AppStore|ARM.Deploy.0 = Release|Any CPU
		{3735253F-C931-4075-897C-41C9E92ACE14}.AppStore|iPhone.ActiveCfg = Release|Any CPU
		{3735253F-C931-4075-897C-41C9E92ACE14}.AppStore|iPhone.Build.0 = Release|Any CPU
		{3735253F-C931-4075-897C-41C9E92ACE14}.AppStore|iPhone.Deploy.0 = Release|Any CPU
		{3735253F-C931-4075-897C-41C9E92ACE14}.AppStore|iPhoneSimulator.ActiveCfg = Release|Any CPU
		{3735253F-C931-4075-897C-41C9E92ACE14}.AppStore|iPhoneSimulator.Build.0 = Release|Any CPU
		{3735253F-C931-4075-897C-41C9E92ACE14}.AppStore|iPhoneSimulator.Deploy.0 = Release|Any CPU
		{3735253F-C931-4075-897C-41C9E92ACE14}.AppStore|x64.ActiveCfg = Release|Any CPU
		{3735253F-C931-4075-897C-41C9E92ACE14}.AppStore|x64.Build.0 = Release|Any CPU
		{3735253F-C931-4075-897C-41C9E92ACE14}.AppStore|x64.Deploy.0 = Release|Any CPU
		{3735253F-C931-4075-897C-41C9E92ACE14}.AppStore|x86.ActiveCfg = Release|Any CPU
		{3735253F-C931-4075-897C-41C9E92ACE14}.AppStore|x86.Build.0 = Release|Any CPU
		{3735253F-C931-4075-897C-41C9E92ACE14}.AppStore|x86.Deploy.0 = Release|Any CPU
		{3735253F-C931-4075-897C-41C9E92ACE14}.Debug|Any CPU.ActiveCfg = Debug|Any CPU
		{3735253F-C931-4075-897C-41C9E92ACE14}.Debug|Any CPU.Build.0 = Debug|Any CPU
		{3735253F-C931-4075-897C-41C9E92ACE14}.Debug|Any CPU.Deploy.0 = Debug|Any CPU
		{3735253F-C931-4075-897C-41C9E92ACE14}.Debug|ARM.ActiveCfg = Debug|Any CPU
		{3735253F-C931-4075-897C-41C9E92ACE14}.Debug|ARM.Build.0 = Debug|Any CPU
		{3735253F-C931-4075-897C-41C9E92ACE14}.Debug|ARM.Deploy.0 = Debug|Any CPU
		{3735253F-C931-4075-897C-41C9E92ACE14}.Debug|iPhone.ActiveCfg = Debug|Any CPU
		{3735253F-C931-4075-897C-41C9E92ACE14}.Debug|iPhone.Build.0 = Debug|Any CPU
		{3735253F-C931-4075-897C-41C9E92ACE14}.Debug|iPhone.Deploy.0 = Debug|Any CPU
		{3735253F-C931-4075-897C-41C9E92ACE14}.Debug|iPhoneSimulator.ActiveCfg = Debug|Any CPU
		{3735253F-C931-4075-897C-41C9E92ACE14}.Debug|iPhoneSimulator.Build.0 = Debug|Any CPU
		{3735253F-C931-4075-897C-41C9E92ACE14}.Debug|iPhoneSimulator.Deploy.0 = Debug|Any CPU
		{3735253F-C931-4075-897C-41C9E92ACE14}.Debug|x64.ActiveCfg = Debug|Any CPU
		{3735253F-C931-4075-897C-41C9E92ACE14}.Debug|x64.Build.0 = Debug|Any CPU
		{3735253F-C931-4075-897C-41C9E92ACE14}.Debug|x64.Deploy.0 = Debug|Any CPU
		{3735253F-C931-4075-897C-41C9E92ACE14}.Debug|x86.ActiveCfg = Debug|Any CPU
		{3735253F-C931-4075-897C-41C9E92ACE14}.Debug|x86.Build.0 = Debug|Any CPU
		{3735253F-C931-4075-897C-41C9E92ACE14}.Debug|x86.Deploy.0 = Debug|Any CPU
		{3735253F-C931-4075-897C-41C9E92ACE14}.Release|Any CPU.ActiveCfg = Release|Any CPU
		{3735253F-C931-4075-897C-41C9E92ACE14}.Release|Any CPU.Build.0 = Release|Any CPU
		{3735253F-C931-4075-897C-41C9E92ACE14}.Release|Any CPU.Deploy.0 = Release|Any CPU
		{3735253F-C931-4075-897C-41C9E92ACE14}.Release|ARM.ActiveCfg = Release|Any CPU
		{3735253F-C931-4075-897C-41C9E92ACE14}.Release|ARM.Build.0 = Release|Any CPU
		{3735253F-C931-4075-897C-41C9E92ACE14}.Release|ARM.Deploy.0 = Release|Any CPU
		{3735253F-C931-4075-897C-41C9E92ACE14}.Release|iPhone.ActiveCfg = Release|Any CPU
		{3735253F-C931-4075-897C-41C9E92ACE14}.Release|iPhone.Build.0 = Release|Any CPU
		{3735253F-C931-4075-897C-41C9E92ACE14}.Release|iPhone.Deploy.0 = Release|Any CPU
		{3735253F-C931-4075-897C-41C9E92ACE14}.Release|iPhoneSimulator.ActiveCfg = Release|Any CPU
		{3735253F-C931-4075-897C-41C9E92ACE14}.Release|iPhoneSimulator.Build.0 = Release|Any CPU
		{3735253F-C931-4075-897C-41C9E92ACE14}.Release|iPhoneSimulator.Deploy.0 = Release|Any CPU
		{3735253F-C931-4075-897C-41C9E92ACE14}.Release|x64.ActiveCfg = Release|Any CPU
		{3735253F-C931-4075-897C-41C9E92ACE14}.Release|x64.Build.0 = Release|Any CPU
		{3735253F-C931-4075-897C-41C9E92ACE14}.Release|x64.Deploy.0 = Release|Any CPU
		{3735253F-C931-4075-897C-41C9E92ACE14}.Release|x86.ActiveCfg = Release|Any CPU
		{3735253F-C931-4075-897C-41C9E92ACE14}.Release|x86.Build.0 = Release|Any CPU
		{3735253F-C931-4075-897C-41C9E92ACE14}.Release|x86.Deploy.0 = Release|Any CPU
		{F9EC38F9-F7E4-4993-9D93-8CAB29AD781A}.Ad-Hoc|Any CPU.ActiveCfg = Ad-Hoc|iPhone
		{F9EC38F9-F7E4-4993-9D93-8CAB29AD781A}.Ad-Hoc|ARM.ActiveCfg = Ad-Hoc|iPhone
		{F9EC38F9-F7E4-4993-9D93-8CAB29AD781A}.Ad-Hoc|iPhone.ActiveCfg = Ad-Hoc|iPhone
		{F9EC38F9-F7E4-4993-9D93-8CAB29AD781A}.Ad-Hoc|iPhone.Build.0 = Ad-Hoc|iPhone
		{F9EC38F9-F7E4-4993-9D93-8CAB29AD781A}.Ad-Hoc|iPhoneSimulator.ActiveCfg = Ad-Hoc|iPhoneSimulator
		{F9EC38F9-F7E4-4993-9D93-8CAB29AD781A}.Ad-Hoc|iPhoneSimulator.Build.0 = Ad-Hoc|iPhoneSimulator
		{F9EC38F9-F7E4-4993-9D93-8CAB29AD781A}.Ad-Hoc|x64.ActiveCfg = Ad-Hoc|iPhone
		{F9EC38F9-F7E4-4993-9D93-8CAB29AD781A}.Ad-Hoc|x86.ActiveCfg = Ad-Hoc|iPhone
		{F9EC38F9-F7E4-4993-9D93-8CAB29AD781A}.AppStore|Any CPU.ActiveCfg = AppStore|iPhone
		{F9EC38F9-F7E4-4993-9D93-8CAB29AD781A}.AppStore|ARM.ActiveCfg = AppStore|iPhone
		{F9EC38F9-F7E4-4993-9D93-8CAB29AD781A}.AppStore|iPhone.ActiveCfg = AppStore|iPhone
		{F9EC38F9-F7E4-4993-9D93-8CAB29AD781A}.AppStore|iPhone.Build.0 = AppStore|iPhone
		{F9EC38F9-F7E4-4993-9D93-8CAB29AD781A}.AppStore|iPhoneSimulator.ActiveCfg = AppStore|iPhoneSimulator
		{F9EC38F9-F7E4-4993-9D93-8CAB29AD781A}.AppStore|iPhoneSimulator.Build.0 = AppStore|iPhoneSimulator
		{F9EC38F9-F7E4-4993-9D93-8CAB29AD781A}.AppStore|x64.ActiveCfg = AppStore|iPhone
		{F9EC38F9-F7E4-4993-9D93-8CAB29AD781A}.AppStore|x86.ActiveCfg = AppStore|iPhone
		{F9EC38F9-F7E4-4993-9D93-8CAB29AD781A}.Debug|Any CPU.ActiveCfg = Debug|iPhone
		{F9EC38F9-F7E4-4993-9D93-8CAB29AD781A}.Debug|ARM.ActiveCfg = Debug|iPhone
		{F9EC38F9-F7E4-4993-9D93-8CAB29AD781A}.Debug|iPhone.ActiveCfg = Debug|iPhone
		{F9EC38F9-F7E4-4993-9D93-8CAB29AD781A}.Debug|iPhone.Build.0 = Debug|iPhone
		{F9EC38F9-F7E4-4993-9D93-8CAB29AD781A}.Debug|iPhoneSimulator.ActiveCfg = Debug|iPhoneSimulator
		{F9EC38F9-F7E4-4993-9D93-8CAB29AD781A}.Debug|iPhoneSimulator.Build.0 = Debug|iPhoneSimulator
		{F9EC38F9-F7E4-4993-9D93-8CAB29AD781A}.Debug|x64.ActiveCfg = Debug|iPhone
		{F9EC38F9-F7E4-4993-9D93-8CAB29AD781A}.Debug|x86.ActiveCfg = Debug|iPhone
		{F9EC38F9-F7E4-4993-9D93-8CAB29AD781A}.Release|Any CPU.ActiveCfg = Release|iPhone
		{F9EC38F9-F7E4-4993-9D93-8CAB29AD781A}.Release|ARM.ActiveCfg = Release|iPhone
		{F9EC38F9-F7E4-4993-9D93-8CAB29AD781A}.Release|iPhone.ActiveCfg = Release|iPhone
		{F9EC38F9-F7E4-4993-9D93-8CAB29AD781A}.Release|iPhone.Build.0 = Release|iPhone
		{F9EC38F9-F7E4-4993-9D93-8CAB29AD781A}.Release|iPhoneSimulator.ActiveCfg = Release|iPhoneSimulator
		{F9EC38F9-F7E4-4993-9D93-8CAB29AD781A}.Release|iPhoneSimulator.Build.0 = Release|iPhoneSimulator
		{F9EC38F9-F7E4-4993-9D93-8CAB29AD781A}.Release|x64.ActiveCfg = Release|iPhone
		{F9EC38F9-F7E4-4993-9D93-8CAB29AD781A}.Release|x86.ActiveCfg = Release|iPhone
		{FB689F17-1030-457F-83CE-5AA59B25E2E5}.Ad-Hoc|Any CPU.ActiveCfg = Release|Any CPU
		{FB689F17-1030-457F-83CE-5AA59B25E2E5}.Ad-Hoc|Any CPU.Build.0 = Release|Any CPU
		{FB689F17-1030-457F-83CE-5AA59B25E2E5}.Ad-Hoc|Any CPU.Deploy.0 = Release|Any CPU
		{FB689F17-1030-457F-83CE-5AA59B25E2E5}.Ad-Hoc|ARM.ActiveCfg = Release|ARM
		{FB689F17-1030-457F-83CE-5AA59B25E2E5}.Ad-Hoc|ARM.Build.0 = Release|ARM
		{FB689F17-1030-457F-83CE-5AA59B25E2E5}.Ad-Hoc|ARM.Deploy.0 = Release|ARM
		{FB689F17-1030-457F-83CE-5AA59B25E2E5}.Ad-Hoc|iPhone.ActiveCfg = Release|Any CPU
		{FB689F17-1030-457F-83CE-5AA59B25E2E5}.Ad-Hoc|iPhone.Build.0 = Release|Any CPU
		{FB689F17-1030-457F-83CE-5AA59B25E2E5}.Ad-Hoc|iPhone.Deploy.0 = Release|Any CPU
		{FB689F17-1030-457F-83CE-5AA59B25E2E5}.Ad-Hoc|iPhoneSimulator.ActiveCfg = Release|Any CPU
		{FB689F17-1030-457F-83CE-5AA59B25E2E5}.Ad-Hoc|iPhoneSimulator.Build.0 = Release|Any CPU
		{FB689F17-1030-457F-83CE-5AA59B25E2E5}.Ad-Hoc|iPhoneSimulator.Deploy.0 = Release|Any CPU
		{FB689F17-1030-457F-83CE-5AA59B25E2E5}.Ad-Hoc|x64.ActiveCfg = Release|Any CPU
		{FB689F17-1030-457F-83CE-5AA59B25E2E5}.Ad-Hoc|x64.Build.0 = Release|Any CPU
		{FB689F17-1030-457F-83CE-5AA59B25E2E5}.Ad-Hoc|x64.Deploy.0 = Release|Any CPU
		{FB689F17-1030-457F-83CE-5AA59B25E2E5}.Ad-Hoc|x86.ActiveCfg = Release|x86
		{FB689F17-1030-457F-83CE-5AA59B25E2E5}.Ad-Hoc|x86.Build.0 = Release|x86
		{FB689F17-1030-457F-83CE-5AA59B25E2E5}.Ad-Hoc|x86.Deploy.0 = Release|x86
		{FB689F17-1030-457F-83CE-5AA59B25E2E5}.AppStore|Any CPU.ActiveCfg = Release|Any CPU
		{FB689F17-1030-457F-83CE-5AA59B25E2E5}.AppStore|Any CPU.Build.0 = Release|Any CPU
		{FB689F17-1030-457F-83CE-5AA59B25E2E5}.AppStore|Any CPU.Deploy.0 = Release|Any CPU
		{FB689F17-1030-457F-83CE-5AA59B25E2E5}.AppStore|ARM.ActiveCfg = Release|ARM
		{FB689F17-1030-457F-83CE-5AA59B25E2E5}.AppStore|ARM.Build.0 = Release|ARM
		{FB689F17-1030-457F-83CE-5AA59B25E2E5}.AppStore|ARM.Deploy.0 = Release|ARM
		{FB689F17-1030-457F-83CE-5AA59B25E2E5}.AppStore|iPhone.ActiveCfg = Release|Any CPU
		{FB689F17-1030-457F-83CE-5AA59B25E2E5}.AppStore|iPhone.Build.0 = Release|Any CPU
		{FB689F17-1030-457F-83CE-5AA59B25E2E5}.AppStore|iPhone.Deploy.0 = Release|Any CPU
		{FB689F17-1030-457F-83CE-5AA59B25E2E5}.AppStore|iPhoneSimulator.ActiveCfg = Release|Any CPU
		{FB689F17-1030-457F-83CE-5AA59B25E2E5}.AppStore|iPhoneSimulator.Build.0 = Release|Any CPU
		{FB689F17-1030-457F-83CE-5AA59B25E2E5}.AppStore|iPhoneSimulator.Deploy.0 = Release|Any CPU
		{FB689F17-1030-457F-83CE-5AA59B25E2E5}.AppStore|x64.ActiveCfg = Release|Any CPU
		{FB689F17-1030-457F-83CE-5AA59B25E2E5}.AppStore|x64.Build.0 = Release|Any CPU
		{FB689F17-1030-457F-83CE-5AA59B25E2E5}.AppStore|x64.Deploy.0 = Release|Any CPU
		{FB689F17-1030-457F-83CE-5AA59B25E2E5}.AppStore|x86.ActiveCfg = Release|x86
		{FB689F17-1030-457F-83CE-5AA59B25E2E5}.AppStore|x86.Build.0 = Release|x86
		{FB689F17-1030-457F-83CE-5AA59B25E2E5}.AppStore|x86.Deploy.0 = Release|x86
		{FB689F17-1030-457F-83CE-5AA59B25E2E5}.Debug|Any CPU.ActiveCfg = Debug|Any CPU
		{FB689F17-1030-457F-83CE-5AA59B25E2E5}.Debug|Any CPU.Build.0 = Debug|Any CPU
		{FB689F17-1030-457F-83CE-5AA59B25E2E5}.Debug|Any CPU.Deploy.0 = Debug|Any CPU
		{FB689F17-1030-457F-83CE-5AA59B25E2E5}.Debug|ARM.ActiveCfg = Debug|ARM
		{FB689F17-1030-457F-83CE-5AA59B25E2E5}.Debug|ARM.Build.0 = Debug|ARM
		{FB689F17-1030-457F-83CE-5AA59B25E2E5}.Debug|ARM.Deploy.0 = Debug|ARM
		{FB689F17-1030-457F-83CE-5AA59B25E2E5}.Debug|iPhone.ActiveCfg = Debug|Any CPU
		{FB689F17-1030-457F-83CE-5AA59B25E2E5}.Debug|iPhone.Build.0 = Debug|Any CPU
		{FB689F17-1030-457F-83CE-5AA59B25E2E5}.Debug|iPhone.Deploy.0 = Debug|Any CPU
		{FB689F17-1030-457F-83CE-5AA59B25E2E5}.Debug|iPhoneSimulator.ActiveCfg = Debug|Any CPU
		{FB689F17-1030-457F-83CE-5AA59B25E2E5}.Debug|iPhoneSimulator.Build.0 = Debug|Any CPU
		{FB689F17-1030-457F-83CE-5AA59B25E2E5}.Debug|iPhoneSimulator.Deploy.0 = Debug|Any CPU
		{FB689F17-1030-457F-83CE-5AA59B25E2E5}.Debug|x64.ActiveCfg = Debug|Any CPU
		{FB689F17-1030-457F-83CE-5AA59B25E2E5}.Debug|x64.Build.0 = Debug|Any CPU
		{FB689F17-1030-457F-83CE-5AA59B25E2E5}.Debug|x64.Deploy.0 = Debug|Any CPU
		{FB689F17-1030-457F-83CE-5AA59B25E2E5}.Debug|x86.ActiveCfg = Debug|x86
		{FB689F17-1030-457F-83CE-5AA59B25E2E5}.Debug|x86.Build.0 = Debug|x86
		{FB689F17-1030-457F-83CE-5AA59B25E2E5}.Debug|x86.Deploy.0 = Debug|x86
		{FB689F17-1030-457F-83CE-5AA59B25E2E5}.Release|Any CPU.ActiveCfg = Release|Any CPU
		{FB689F17-1030-457F-83CE-5AA59B25E2E5}.Release|Any CPU.Build.0 = Release|Any CPU
		{FB689F17-1030-457F-83CE-5AA59B25E2E5}.Release|Any CPU.Deploy.0 = Release|Any CPU
		{FB689F17-1030-457F-83CE-5AA59B25E2E5}.Release|ARM.ActiveCfg = Release|ARM
		{FB689F17-1030-457F-83CE-5AA59B25E2E5}.Release|ARM.Build.0 = Release|ARM
		{FB689F17-1030-457F-83CE-5AA59B25E2E5}.Release|ARM.Deploy.0 = Release|ARM
		{FB689F17-1030-457F-83CE-5AA59B25E2E5}.Release|iPhone.ActiveCfg = Release|Any CPU
		{FB689F17-1030-457F-83CE-5AA59B25E2E5}.Release|iPhone.Build.0 = Release|Any CPU
		{FB689F17-1030-457F-83CE-5AA59B25E2E5}.Release|iPhone.Deploy.0 = Release|Any CPU
		{FB689F17-1030-457F-83CE-5AA59B25E2E5}.Release|iPhoneSimulator.ActiveCfg = Release|Any CPU
		{FB689F17-1030-457F-83CE-5AA59B25E2E5}.Release|iPhoneSimulator.Build.0 = Release|Any CPU
		{FB689F17-1030-457F-83CE-5AA59B25E2E5}.Release|iPhoneSimulator.Deploy.0 = Release|Any CPU
		{FB689F17-1030-457F-83CE-5AA59B25E2E5}.Release|x64.ActiveCfg = Release|Any CPU
		{FB689F17-1030-457F-83CE-5AA59B25E2E5}.Release|x64.Build.0 = Release|Any CPU
		{FB689F17-1030-457F-83CE-5AA59B25E2E5}.Release|x64.Deploy.0 = Release|Any CPU
		{FB689F17-1030-457F-83CE-5AA59B25E2E5}.Release|x86.ActiveCfg = Release|x86
		{FB689F17-1030-457F-83CE-5AA59B25E2E5}.Release|x86.Build.0 = Release|x86
		{FB689F17-1030-457F-83CE-5AA59B25E2E5}.Release|x86.Deploy.0 = Release|x86
		{030BFDB1-65C9-45C9-AF73-683F3D76F12E}.Ad-Hoc|Any CPU.ActiveCfg = Release|x86
		{030BFDB1-65C9-45C9-AF73-683F3D76F12E}.Ad-Hoc|Any CPU.Build.0 = Release|x86
		{030BFDB1-65C9-45C9-AF73-683F3D76F12E}.Ad-Hoc|Any CPU.Deploy.0 = Release|x86
		{030BFDB1-65C9-45C9-AF73-683F3D76F12E}.Ad-Hoc|ARM.ActiveCfg = Release|ARM
		{030BFDB1-65C9-45C9-AF73-683F3D76F12E}.Ad-Hoc|ARM.Build.0 = Release|ARM
		{030BFDB1-65C9-45C9-AF73-683F3D76F12E}.Ad-Hoc|ARM.Deploy.0 = Release|ARM
		{030BFDB1-65C9-45C9-AF73-683F3D76F12E}.Ad-Hoc|iPhone.ActiveCfg = Release|x86
		{030BFDB1-65C9-45C9-AF73-683F3D76F12E}.Ad-Hoc|iPhone.Build.0 = Release|x86
		{030BFDB1-65C9-45C9-AF73-683F3D76F12E}.Ad-Hoc|iPhone.Deploy.0 = Release|x86
		{030BFDB1-65C9-45C9-AF73-683F3D76F12E}.Ad-Hoc|iPhoneSimulator.ActiveCfg = Release|x86
		{030BFDB1-65C9-45C9-AF73-683F3D76F12E}.Ad-Hoc|iPhoneSimulator.Build.0 = Release|x86
		{030BFDB1-65C9-45C9-AF73-683F3D76F12E}.Ad-Hoc|iPhoneSimulator.Deploy.0 = Release|x86
		{030BFDB1-65C9-45C9-AF73-683F3D76F12E}.Ad-Hoc|x64.ActiveCfg = Release|x64
		{030BFDB1-65C9-45C9-AF73-683F3D76F12E}.Ad-Hoc|x64.Build.0 = Release|x64
		{030BFDB1-65C9-45C9-AF73-683F3D76F12E}.Ad-Hoc|x64.Deploy.0 = Release|x64
		{030BFDB1-65C9-45C9-AF73-683F3D76F12E}.Ad-Hoc|x86.ActiveCfg = Release|x86
		{030BFDB1-65C9-45C9-AF73-683F3D76F12E}.Ad-Hoc|x86.Build.0 = Release|x86
		{030BFDB1-65C9-45C9-AF73-683F3D76F12E}.Ad-Hoc|x86.Deploy.0 = Release|x86
		{030BFDB1-65C9-45C9-AF73-683F3D76F12E}.AppStore|Any CPU.ActiveCfg = Release|x86
		{030BFDB1-65C9-45C9-AF73-683F3D76F12E}.AppStore|Any CPU.Build.0 = Release|x86
		{030BFDB1-65C9-45C9-AF73-683F3D76F12E}.AppStore|Any CPU.Deploy.0 = Release|x86
		{030BFDB1-65C9-45C9-AF73-683F3D76F12E}.AppStore|ARM.ActiveCfg = Release|ARM
		{030BFDB1-65C9-45C9-AF73-683F3D76F12E}.AppStore|ARM.Build.0 = Release|ARM
		{030BFDB1-65C9-45C9-AF73-683F3D76F12E}.AppStore|ARM.Deploy.0 = Release|ARM
		{030BFDB1-65C9-45C9-AF73-683F3D76F12E}.AppStore|iPhone.ActiveCfg = Release|x86
		{030BFDB1-65C9-45C9-AF73-683F3D76F12E}.AppStore|iPhone.Build.0 = Release|x86
		{030BFDB1-65C9-45C9-AF73-683F3D76F12E}.AppStore|iPhone.Deploy.0 = Release|x86
		{030BFDB1-65C9-45C9-AF73-683F3D76F12E}.AppStore|iPhoneSimulator.ActiveCfg = Release|x86
		{030BFDB1-65C9-45C9-AF73-683F3D76F12E}.AppStore|iPhoneSimulator.Build.0 = Release|x86
		{030BFDB1-65C9-45C9-AF73-683F3D76F12E}.AppStore|iPhoneSimulator.Deploy.0 = Release|x86
		{030BFDB1-65C9-45C9-AF73-683F3D76F12E}.AppStore|x64.ActiveCfg = Release|x64
		{030BFDB1-65C9-45C9-AF73-683F3D76F12E}.AppStore|x64.Build.0 = Release|x64
		{030BFDB1-65C9-45C9-AF73-683F3D76F12E}.AppStore|x64.Deploy.0 = Release|x64
		{030BFDB1-65C9-45C9-AF73-683F3D76F12E}.AppStore|x86.ActiveCfg = Release|x86
		{030BFDB1-65C9-45C9-AF73-683F3D76F12E}.AppStore|x86.Build.0 = Release|x86
		{030BFDB1-65C9-45C9-AF73-683F3D76F12E}.AppStore|x86.Deploy.0 = Release|x86
		{030BFDB1-65C9-45C9-AF73-683F3D76F12E}.Debug|Any CPU.ActiveCfg = Debug|x86
		{030BFDB1-65C9-45C9-AF73-683F3D76F12E}.Debug|Any CPU.Build.0 = Debug|x86
		{030BFDB1-65C9-45C9-AF73-683F3D76F12E}.Debug|Any CPU.Deploy.0 = Debug|x86
		{030BFDB1-65C9-45C9-AF73-683F3D76F12E}.Debug|ARM.ActiveCfg = Debug|ARM
		{030BFDB1-65C9-45C9-AF73-683F3D76F12E}.Debug|ARM.Build.0 = Debug|ARM
		{030BFDB1-65C9-45C9-AF73-683F3D76F12E}.Debug|ARM.Deploy.0 = Debug|ARM
		{030BFDB1-65C9-45C9-AF73-683F3D76F12E}.Debug|iPhone.ActiveCfg = Debug|x86
		{030BFDB1-65C9-45C9-AF73-683F3D76F12E}.Debug|iPhoneSimulator.ActiveCfg = Debug|x86
		{030BFDB1-65C9-45C9-AF73-683F3D76F12E}.Debug|x64.ActiveCfg = Debug|x64
		{030BFDB1-65C9-45C9-AF73-683F3D76F12E}.Debug|x64.Build.0 = Debug|x64
		{030BFDB1-65C9-45C9-AF73-683F3D76F12E}.Debug|x64.Deploy.0 = Debug|x64
		{030BFDB1-65C9-45C9-AF73-683F3D76F12E}.Debug|x86.ActiveCfg = Debug|x86
		{030BFDB1-65C9-45C9-AF73-683F3D76F12E}.Debug|x86.Build.0 = Debug|x86
		{030BFDB1-65C9-45C9-AF73-683F3D76F12E}.Debug|x86.Deploy.0 = Debug|x86
		{030BFDB1-65C9-45C9-AF73-683F3D76F12E}.Release|Any CPU.ActiveCfg = Release|x86
		{030BFDB1-65C9-45C9-AF73-683F3D76F12E}.Release|ARM.ActiveCfg = Release|ARM
		{030BFDB1-65C9-45C9-AF73-683F3D76F12E}.Release|ARM.Build.0 = Release|ARM
		{030BFDB1-65C9-45C9-AF73-683F3D76F12E}.Release|ARM.Deploy.0 = Release|ARM
		{030BFDB1-65C9-45C9-AF73-683F3D76F12E}.Release|iPhone.ActiveCfg = Release|x86
		{030BFDB1-65C9-45C9-AF73-683F3D76F12E}.Release|iPhoneSimulator.ActiveCfg = Release|x86
		{030BFDB1-65C9-45C9-AF73-683F3D76F12E}.Release|x64.ActiveCfg = Release|x64
		{030BFDB1-65C9-45C9-AF73-683F3D76F12E}.Release|x64.Build.0 = Release|x64
		{030BFDB1-65C9-45C9-AF73-683F3D76F12E}.Release|x64.Deploy.0 = Release|x64
		{030BFDB1-65C9-45C9-AF73-683F3D76F12E}.Release|x86.ActiveCfg = Release|x86
		{030BFDB1-65C9-45C9-AF73-683F3D76F12E}.Release|x86.Build.0 = Release|x86
		{030BFDB1-65C9-45C9-AF73-683F3D76F12E}.Release|x86.Deploy.0 = Release|x86
		{46314DD4-AD37-45B7-9495-39007B5B1805}.Ad-Hoc|Any CPU.ActiveCfg = Release|Any CPU
		{46314DD4-AD37-45B7-9495-39007B5B1805}.Ad-Hoc|Any CPU.Build.0 = Release|Any CPU
		{46314DD4-AD37-45B7-9495-39007B5B1805}.Ad-Hoc|Any CPU.Deploy.0 = Release|Any CPU
		{46314DD4-AD37-45B7-9495-39007B5B1805}.Ad-Hoc|ARM.ActiveCfg = Release|ARM
		{46314DD4-AD37-45B7-9495-39007B5B1805}.Ad-Hoc|ARM.Build.0 = Release|ARM
		{46314DD4-AD37-45B7-9495-39007B5B1805}.Ad-Hoc|ARM.Deploy.0 = Release|ARM
		{46314DD4-AD37-45B7-9495-39007B5B1805}.Ad-Hoc|iPhone.ActiveCfg = Release|Any CPU
		{46314DD4-AD37-45B7-9495-39007B5B1805}.Ad-Hoc|iPhone.Build.0 = Release|Any CPU
		{46314DD4-AD37-45B7-9495-39007B5B1805}.Ad-Hoc|iPhone.Deploy.0 = Release|Any CPU
		{46314DD4-AD37-45B7-9495-39007B5B1805}.Ad-Hoc|iPhoneSimulator.ActiveCfg = Release|Any CPU
		{46314DD4-AD37-45B7-9495-39007B5B1805}.Ad-Hoc|iPhoneSimulator.Build.0 = Release|Any CPU
		{46314DD4-AD37-45B7-9495-39007B5B1805}.Ad-Hoc|iPhoneSimulator.Deploy.0 = Release|Any CPU
		{46314DD4-AD37-45B7-9495-39007B5B1805}.Ad-Hoc|x64.ActiveCfg = Release|x64
		{46314DD4-AD37-45B7-9495-39007B5B1805}.Ad-Hoc|x64.Build.0 = Release|x64
		{46314DD4-AD37-45B7-9495-39007B5B1805}.Ad-Hoc|x64.Deploy.0 = Release|x64
		{46314DD4-AD37-45B7-9495-39007B5B1805}.Ad-Hoc|x86.ActiveCfg = Release|x86
		{46314DD4-AD37-45B7-9495-39007B5B1805}.Ad-Hoc|x86.Build.0 = Release|x86
		{46314DD4-AD37-45B7-9495-39007B5B1805}.Ad-Hoc|x86.Deploy.0 = Release|x86
		{46314DD4-AD37-45B7-9495-39007B5B1805}.AppStore|Any CPU.ActiveCfg = Release|Any CPU
		{46314DD4-AD37-45B7-9495-39007B5B1805}.AppStore|Any CPU.Build.0 = Release|Any CPU
		{46314DD4-AD37-45B7-9495-39007B5B1805}.AppStore|Any CPU.Deploy.0 = Release|Any CPU
		{46314DD4-AD37-45B7-9495-39007B5B1805}.AppStore|ARM.ActiveCfg = Release|ARM
		{46314DD4-AD37-45B7-9495-39007B5B1805}.AppStore|ARM.Build.0 = Release|ARM
		{46314DD4-AD37-45B7-9495-39007B5B1805}.AppStore|ARM.Deploy.0 = Release|ARM
		{46314DD4-AD37-45B7-9495-39007B5B1805}.AppStore|iPhone.ActiveCfg = Release|Any CPU
		{46314DD4-AD37-45B7-9495-39007B5B1805}.AppStore|iPhone.Build.0 = Release|Any CPU
		{46314DD4-AD37-45B7-9495-39007B5B1805}.AppStore|iPhone.Deploy.0 = Release|Any CPU
		{46314DD4-AD37-45B7-9495-39007B5B1805}.AppStore|iPhoneSimulator.ActiveCfg = Release|Any CPU
		{46314DD4-AD37-45B7-9495-39007B5B1805}.AppStore|iPhoneSimulator.Build.0 = Release|Any CPU
		{46314DD4-AD37-45B7-9495-39007B5B1805}.AppStore|iPhoneSimulator.Deploy.0 = Release|Any CPU
		{46314DD4-AD37-45B7-9495-39007B5B1805}.AppStore|x64.ActiveCfg = Release|x64
		{46314DD4-AD37-45B7-9495-39007B5B1805}.AppStore|x64.Build.0 = Release|x64
		{46314DD4-AD37-45B7-9495-39007B5B1805}.AppStore|x64.Deploy.0 = Release|x64
		{46314DD4-AD37-45B7-9495-39007B5B1805}.AppStore|x86.ActiveCfg = Release|x86
		{46314DD4-AD37-45B7-9495-39007B5B1805}.AppStore|x86.Build.0 = Release|x86
		{46314DD4-AD37-45B7-9495-39007B5B1805}.AppStore|x86.Deploy.0 = Release|x86
		{46314DD4-AD37-45B7-9495-39007B5B1805}.Debug|Any CPU.ActiveCfg = Debug|Any CPU
		{46314DD4-AD37-45B7-9495-39007B5B1805}.Debug|Any CPU.Build.0 = Debug|Any CPU
		{46314DD4-AD37-45B7-9495-39007B5B1805}.Debug|Any CPU.Deploy.0 = Debug|Any CPU
		{46314DD4-AD37-45B7-9495-39007B5B1805}.Debug|ARM.ActiveCfg = Debug|ARM
		{46314DD4-AD37-45B7-9495-39007B5B1805}.Debug|ARM.Build.0 = Debug|ARM
		{46314DD4-AD37-45B7-9495-39007B5B1805}.Debug|ARM.Deploy.0 = Debug|ARM
		{46314DD4-AD37-45B7-9495-39007B5B1805}.Debug|iPhone.ActiveCfg = Debug|Any CPU
		{46314DD4-AD37-45B7-9495-39007B5B1805}.Debug|iPhone.Build.0 = Debug|Any CPU
		{46314DD4-AD37-45B7-9495-39007B5B1805}.Debug|iPhone.Deploy.0 = Debug|Any CPU
		{46314DD4-AD37-45B7-9495-39007B5B1805}.Debug|iPhoneSimulator.ActiveCfg = Debug|Any CPU
		{46314DD4-AD37-45B7-9495-39007B5B1805}.Debug|iPhoneSimulator.Build.0 = Debug|Any CPU
		{46314DD4-AD37-45B7-9495-39007B5B1805}.Debug|iPhoneSimulator.Deploy.0 = Debug|Any CPU
		{46314DD4-AD37-45B7-9495-39007B5B1805}.Debug|x64.ActiveCfg = Debug|x64
		{46314DD4-AD37-45B7-9495-39007B5B1805}.Debug|x64.Build.0 = Debug|x64
		{46314DD4-AD37-45B7-9495-39007B5B1805}.Debug|x64.Deploy.0 = Debug|x64
		{46314DD4-AD37-45B7-9495-39007B5B1805}.Debug|x86.ActiveCfg = Debug|x86
		{46314DD4-AD37-45B7-9495-39007B5B1805}.Debug|x86.Build.0 = Debug|x86
		{46314DD4-AD37-45B7-9495-39007B5B1805}.Debug|x86.Deploy.0 = Debug|x86
		{46314DD4-AD37-45B7-9495-39007B5B1805}.Release|Any CPU.ActiveCfg = Release|Any CPU
		{46314DD4-AD37-45B7-9495-39007B5B1805}.Release|Any CPU.Build.0 = Release|Any CPU
		{46314DD4-AD37-45B7-9495-39007B5B1805}.Release|Any CPU.Deploy.0 = Release|Any CPU
		{46314DD4-AD37-45B7-9495-39007B5B1805}.Release|ARM.ActiveCfg = Release|ARM
		{46314DD4-AD37-45B7-9495-39007B5B1805}.Release|ARM.Build.0 = Release|ARM
		{46314DD4-AD37-45B7-9495-39007B5B1805}.Release|ARM.Deploy.0 = Release|ARM
		{46314DD4-AD37-45B7-9495-39007B5B1805}.Release|iPhone.ActiveCfg = Release|Any CPU
		{46314DD4-AD37-45B7-9495-39007B5B1805}.Release|iPhone.Build.0 = Release|Any CPU
		{46314DD4-AD37-45B7-9495-39007B5B1805}.Release|iPhone.Deploy.0 = Release|Any CPU
		{46314DD4-AD37-45B7-9495-39007B5B1805}.Release|iPhoneSimulator.ActiveCfg = Release|Any CPU
		{46314DD4-AD37-45B7-9495-39007B5B1805}.Release|iPhoneSimulator.Build.0 = Release|Any CPU
		{46314DD4-AD37-45B7-9495-39007B5B1805}.Release|iPhoneSimulator.Deploy.0 = Release|Any CPU
		{46314DD4-AD37-45B7-9495-39007B5B1805}.Release|x64.ActiveCfg = Release|x64
		{46314DD4-AD37-45B7-9495-39007B5B1805}.Release|x64.Build.0 = Release|x64
		{46314DD4-AD37-45B7-9495-39007B5B1805}.Release|x64.Deploy.0 = Release|x64
		{46314DD4-AD37-45B7-9495-39007B5B1805}.Release|x86.ActiveCfg = Release|x86
		{46314DD4-AD37-45B7-9495-39007B5B1805}.Release|x86.Build.0 = Release|x86
		{46314DD4-AD37-45B7-9495-39007B5B1805}.Release|x86.Deploy.0 = Release|x86
	EndGlobalSection
	GlobalSection(SolutionProperties) = preSolution
		HideSolutionNode = FALSE
	EndGlobalSection
EndGlobal
